
Microsoft Visual Studio Solution File, Format Version 12.00
# Visual Studio Version 16
VisualStudioVersion = 16.0.29209.152
MinimumVisualStudioVersion = 10.0.40219.1
Project("{FAE04EC0-301F-11D3-BF4B-00C04F79EFBC}") = "ScriptGenerator", "ScriptGenerator\ScriptGenerator.csproj", "{F4250BA6-F55D-48F0-B0DC-4CA7B86C188D}"
EndProject
Global
	GlobalSection(SolutionConfigurationPlatforms) = preSolution
		Debug|Any CPU = Debug|Any CPU
		Release|Any CPU = Release|Any CPU
	EndGlobalSection
	GlobalSection(ProjectConfigurationPlatforms) = postSolution
		{F4250BA6-F55D-48F0-B0DC-4CA7B86C188D}.Debug|Any CPU.ActiveCfg = Debug|Any CPU
		{F4250BA6-F55D-48F0-B0DC-4CA7B86C188D}.Debug|Any CPU.Build.0 = Debug|Any CPU
		{F4250BA6-F55D-48F0-B0DC-4CA7B86C188D}.Release|Any CPU.ActiveCfg = Release|Any CPU
		{F4250BA6-F55D-48F0-B0DC-4CA7B86C188D}.Release|Any CPU.Build.0 = Release|Any CPU
	EndGlobalSection
	GlobalSection(SolutionProperties) = preSolution
		HideSolutionNode = FALSE
	EndGlobalSection
	GlobalSection(ExtensibilityGlobals) = postSolution
		SolutionGuid = {F620FEF0-4551-4EDD-A71E-174B45803AAB}
	EndGlobalSection
EndGlobal
